
Microsoft Visual Studio Solution File, Format Version 12.00
# Visual Studio Version 17
VisualStudioVersion = 17.12.35707.178
MinimumVisualStudioVersion = 10.0.40219.1
Project("{8BC9CEB8-8B4A-11D0-8D11-00A0C91BC942}") = "Client", "Client\Default\Client.vcxproj", "{BD8DB138-CC3B-46EA-8D0A-D6A5B98F8455}"
EndProject
Project("{8BC9CEB8-8B4A-11D0-8D11-00A0C91BC942}") = "Engine", "Engine\Default\Engine.vcxproj", "{19A62025-55B6-4350-9A4C-91D5FA50A3F0}"
EndProject
Project("{2150E333-8FDC-42A3-9474-1A3956D46DE8}") = "00.Client", "00.Client", "{45943186-694A-4BF3-BC29-65BE1DCBFA6F}"
EndProject
Project("{2150E333-8FDC-42A3-9474-1A3956D46DE8}") = "01.Engine", "01.Engine", "{6CCE2D99-11B4-483D-A132-62FDB90C6BC3}"
EndProject
Project("{2150E333-8FDC-42A3-9474-1A3956D46DE8}") = "02.EditorTool", "02.EditorTool", "{D3B3A770-D8EA-4D13-86F9-79D2E37766BF}"
EndProject
Project("{8BC9CEB8-8B4A-11D0-8D11-00A0C91BC942}") = "EditorTool", "EditorTool\Default\EditorTool.vcxproj", "{D1748550-79D1-4C31-B7F3-85E279944AF8}"
EndProject
Project("{2150E333-8FDC-42A3-9474-1A3956D46DE8}") = "03.batch", "03.batch", "{2FD04768-D22D-4914-BD86-616F0FC34588}"
	ProjectSection(SolutionItems) = preProject
		Update.bat = Update.bat
	EndProjectSection
EndProject
Global
	GlobalSection(SolutionConfigurationPlatforms) = preSolution
		Debug|x64 = Debug|x64
		Debug|x86 = Debug|x86
		Release|x64 = Release|x64
		Release|x86 = Release|x86
	EndGlobalSection
	GlobalSection(ProjectConfigurationPlatforms) = postSolution
		{BD8DB138-CC3B-46EA-8D0A-D6A5B98F8455}.Debug|x64.ActiveCfg = Debug|x64
		{BD8DB138-CC3B-46EA-8D0A-D6A5B98F8455}.Debug|x64.Build.0 = Debug|x64
		{BD8DB138-CC3B-46EA-8D0A-D6A5B98F8455}.Debug|x86.ActiveCfg = Debug|Win32
		{BD8DB138-CC3B-46EA-8D0A-D6A5B98F8455}.Debug|x86.Build.0 = Debug|Win32
		{BD8DB138-CC3B-46EA-8D0A-D6A5B98F8455}.Release|x64.ActiveCfg = Release|x64
		{BD8DB138-CC3B-46EA-8D0A-D6A5B98F8455}.Release|x64.Build.0 = Release|x64
		{BD8DB138-CC3B-46EA-8D0A-D6A5B98F8455}.Release|x86.ActiveCfg = Release|Win32
		{BD8DB138-CC3B-46EA-8D0A-D6A5B98F8455}.Release|x86.Build.0 = Release|Win32
		{19A62025-55B6-4350-9A4C-91D5FA50A3F0}.Debug|x64.ActiveCfg = Debug|x64
		{19A62025-55B6-4350-9A4C-91D5FA50A3F0}.Debug|x64.Build.0 = Debug|x64
		{19A62025-55B6-4350-9A4C-91D5FA50A3F0}.Debug|x86.ActiveCfg = Debug|Win32
		{19A62025-55B6-4350-9A4C-91D5FA50A3F0}.Debug|x86.Build.0 = Debug|Win32
		{19A62025-55B6-4350-9A4C-91D5FA50A3F0}.Release|x64.ActiveCfg = Release|x64
		{19A62025-55B6-4350-9A4C-91D5FA50A3F0}.Release|x64.Build.0 = Release|x64
		{19A62025-55B6-4350-9A4C-91D5FA50A3F0}.Release|x86.ActiveCfg = Release|Win32
		{19A62025-55B6-4350-9A4C-91D5FA50A3F0}.Release|x86.Build.0 = Release|Win32
		{D1748550-79D1-4C31-B7F3-85E279944AF8}.Debug|x64.ActiveCfg = Debug|x64
		{D1748550-79D1-4C31-B7F3-85E279944AF8}.Debug|x64.Build.0 = Debug|x64
		{D1748550-79D1-4C31-B7F3-85E279944AF8}.Debug|x86.ActiveCfg = Debug|Win32
		{D1748550-79D1-4C31-B7F3-85E279944AF8}.Debug|x86.Build.0 = Debug|Win32
		{D1748550-79D1-4C31-B7F3-85E279944AF8}.Release|x64.ActiveCfg = Release|x64
		{D1748550-79D1-4C31-B7F3-85E279944AF8}.Release|x64.Build.0 = Release|x64
		{D1748550-79D1-4C31-B7F3-85E279944AF8}.Release|x86.ActiveCfg = Release|Win32
		{D1748550-79D1-4C31-B7F3-85E279944AF8}.Release|x86.Build.0 = Release|Win32
	EndGlobalSection
	GlobalSection(SolutionProperties) = preSolution
		HideSolutionNode = FALSE
	EndGlobalSection
	GlobalSection(NestedProjects) = preSolution
		{BD8DB138-CC3B-46EA-8D0A-D6A5B98F8455} = {45943186-694A-4BF3-BC29-65BE1DCBFA6F}
		{19A62025-55B6-4350-9A4C-91D5FA50A3F0} = {6CCE2D99-11B4-483D-A132-62FDB90C6BC3}
		{D1748550-79D1-4C31-B7F3-85E279944AF8} = {D3B3A770-D8EA-4D13-86F9-79D2E37766BF}
	EndGlobalSection
EndGlobal
