<?xml version="1.0" encoding="utf-8"?>
<Project ToolsVersion="4.0" xmlns="http://schemas.microsoft.com/developer/msbuild/2003">
  <ItemGroup>
    <Filter Include="99.Defines">
      <UniqueIdentifier>{cac446f0-2c88-4729-aeab-4e910e2d8711}</UniqueIdentifier>
    </Filter>
    <Filter Include="98.Default">
      <UniqueIdentifier>{a4bf218b-ceda-40b4-8a7f-4a4074080720}</UniqueIdentifier>
    </Filter>
    <Filter Include="00.MainApp">
      <UniqueIdentifier>{89d53a07-e260-4a66-92de-8ac0500dc749}</UniqueIdentifier>
    </Filter>
    <Filter Include="01.Levels">
      <UniqueIdentifier>{e5c1af5e-e8ec-469b-8956-68904713a275}</UniqueIdentifier>
    </Filter>
    <Filter Include="97.Data">
      <UniqueIdentifier>{361b759b-91ec-4f79-a770-96602249a578}</UniqueIdentifier>
    </Filter>
    <Filter Include="01.Levels\00,Loading">
      <UniqueIdentifier>{0d6b2487-d6cc-4011-8ef0-249de3e15086}</UniqueIdentifier>
    </Filter>
    <Filter Include="96.Inventory">
      <UniqueIdentifier>{84394a4a-bcdb-4a25-b704-a7db2650be91}</UniqueIdentifier>
    </Filter>
    <Filter Include="97.Data\00.JSON">
      <UniqueIdentifier>{4bcf03e8-7397-4ce2-a45a-8ea9267e2ce7}</UniqueIdentifier>
    </Filter>
    <Filter Include="02.GameObject">
      <UniqueIdentifier>{6b36b92d-3b68-4ca7-81b5-82692c29b66f}</UniqueIdentifier>
    </Filter>
    <Filter Include="03.UI">
      <UniqueIdentifier>{9cf26258-9eff-4548-a171-3458c4f0b643}</UniqueIdentifier>
    </Filter>
    <Filter Include="02.GameObject\00.Player">
      <UniqueIdentifier>{e7e37baf-7bda-4e58-8b1e-f1d94650db38}</UniqueIdentifier>
    </Filter>
    <Filter Include="02.GameObject\99.Etc">
      <UniqueIdentifier>{066ce912-d58e-4e7e-8c11-9068d1fd6917}</UniqueIdentifier>
    </Filter>
    <Filter Include="97.Modifier">
      <UniqueIdentifier>{be9a5c72-e373-465f-b58b-780088cd71e0}</UniqueIdentifier>
    </Filter>
    <Filter Include="02.GameObject\00.Player\state">
      <UniqueIdentifier>{a832c115-2a8a-4aa9-8777-62cc903ab569}</UniqueIdentifier>
    </Filter>
    <Filter Include="02.GameObject\01.Monster">
      <UniqueIdentifier>{81667df0-868a-45da-a1c3-65f2d9b12649}</UniqueIdentifier>
    </Filter>
  </ItemGroup>
  <ItemGroup>
    <ClInclude Include="Client.h">
      <Filter>98.Default</Filter>
    </ClInclude>
    <ClInclude Include="framework.h">
      <Filter>98.Default</Filter>
    </ClInclude>
    <ClInclude Include="Resource.h">
      <Filter>98.Default</Filter>
    </ClInclude>
    <ClInclude Include="targetver.h">
      <Filter>98.Default</Filter>
    </ClInclude>
    <ClInclude Include="..\Public\MainApp.h">
      <Filter>00.MainApp</Filter>
    </ClInclude>
    <ClInclude Include="..\Public\Client_Define.h">
      <Filter>99.Defines</Filter>
    </ClInclude>
    <ClInclude Include="..\Public\Level_GamePlay.h">
      <Filter>01.Levels</Filter>
    </ClInclude>
    <ClInclude Include="..\Public\Level_Logo.h">
      <Filter>01.Levels</Filter>
    </ClInclude>
    <ClInclude Include="..\Public\Client_Enum.h">
      <Filter>99.Defines</Filter>
    </ClInclude>
    <ClInclude Include="..\Public\Loader.h">
      <Filter>01.Levels\00,Loading</Filter>
    </ClInclude>
    <ClInclude Include="..\Public\Level_Loading.h">
      <Filter>01.Levels\00,Loading</Filter>
    </ClInclude>
    <ClInclude Include="..\Public\Inventory.h">
      <Filter>96.Inventory</Filter>
    </ClInclude>
    <ClInclude Include="..\Public\ItemDB.h">
      <Filter>97.Data</Filter>
    </ClInclude>
    <ClInclude Include="..\Public\DialogueDB.h">
      <Filter>97.Data</Filter>
    </ClInclude>
    <ClInclude Include="..\Public\Level_Editor.h">
      <Filter>01.Levels</Filter>
    </ClInclude>
    <ClInclude Include="..\Public\CLient_Helper.h">
      <Filter>99.Defines</Filter>
    </ClInclude>
    <ClInclude Include="..\Public\BackGround.h">
      <Filter>02.GameObject</Filter>
    </ClInclude>
    <ClInclude Include="..\Public\Terrain.h">
      <Filter>02.GameObject</Filter>
    </ClInclude>
    <ClInclude Include="EmptyUObject.h">
      <Filter>02.GameObject</Filter>
    </ClInclude>
    <ClInclude Include="..\Public\Camera_Play.h">
      <Filter>02.GameObject</Filter>
    </ClInclude>
    <ClInclude Include="..\Public\UI_Inventory.h">
      <Filter>03.UI</Filter>
    </ClInclude>
    <ClInclude Include="..\Public\UI_MainMenu.h">
      <Filter>03.UI</Filter>
    </ClInclude>
    <ClInclude Include="..\Public\UI_MiniGame.h">
      <Filter>03.UI</Filter>
    </ClInclude>
    <ClInclude Include="..\Public\UI_TabContainer.h">
      <Filter>03.UI</Filter>
    </ClInclude>
    <ClInclude Include="..\Public\PlayerBoat.h">
      <Filter>02.GameObject\00.Player</Filter>
    </ClInclude>
    <ClInclude Include="..\Public\Monster_Anim.h">
      <Filter>02.GameObject</Filter>
    </ClInclude>
    <ClInclude Include="..\Public\EmptyGObject.h">
      <Filter>02.GameObject</Filter>
    </ClInclude>
    <ClInclude Include="..\Public\UI_Storage.h">
      <Filter>03.UI</Filter>
    </ClInclude>
    <ClInclude Include="..\Public\Body_Player.h">
      <Filter>02.GameObject\00.Player</Filter>
    </ClInclude>
    <ClInclude Include="..\Public\Inventory_Controller.h">
      <Filter>02.GameObject\99.Etc</Filter>
    </ClInclude>
    <ClInclude Include="..\Public\UI_Item.h">
      <Filter>03.UI</Filter>
    </ClInclude>
    <ClInclude Include="..\Public\UI_HUD.h">
      <Filter>03.UI</Filter>
    </ClInclude>
    <ClInclude Include="..\Public\UI_Skill.h">
      <Filter>03.UI</Filter>
    </ClInclude>
    <ClInclude Include="..\Public\UI_Top.h">
      <Filter>03.UI</Filter>
    </ClInclude>
    <ClInclude Include="CScaleModifier.h">
      <Filter>97.Modifier</Filter>
    </ClInclude>
    <ClInclude Include="..\Public\RotationModifier.h">
      <Filter>97.Modifier</Filter>
    </ClInclude>
    <ClInclude Include="..\Public\UI_NPC.h">
      <Filter>03.UI</Filter>
    </ClInclude>
    <ClInclude Include="..\Public\FadeModifier.h">
      <Filter>97.Modifier</Filter>
    </ClInclude>
    <ClInclude Include="..\Public\UI_Controller.h">
      <Filter>03.UI</Filter>
    </ClInclude>
    <ClInclude Include="..\Public\TransformModifier.h">
      <Filter>97.Modifier</Filter>
    </ClInclude>
    <ClInclude Include="..\Public\Sky.h">
      <Filter>02.GameObject</Filter>
    </ClInclude>
    <ClInclude Include="..\Public\Sea.h" />
    <ClInclude Include="..\Public\Sea_Manager.h" />
    <ClInclude Include="..\Public\PlayerStateMachine.h" />
    <ClInclude Include="..\Public\PlayerState.h" />
    <ClInclude Include="..\Public\UI_Village.h">
      <Filter>03.UI</Filter>
    </ClInclude>
    <ClInclude Include="..\Public\Player_Village.h">
      <Filter>02.GameObject\00.Player\state</Filter>
    </ClInclude>
    <ClInclude Include="..\Public\Player_MiniGame.h">
      <Filter>02.GameObject\00.Player\state</Filter>
    </ClInclude>
    <ClInclude Include="..\Public\Player_Sea.h">
      <Filter>02.GameObject\00.Player\state</Filter>
    </ClInclude>
    <ClInclude Include="..\Public\Monster_Tantacle.h">
      <Filter>02.GameObject</Filter>
    </ClInclude>
    <ClInclude Include="..\Public\Village.h">
      <Filter>02.GameObject</Filter>
    </ClInclude>
    <ClInclude Include="..\Public\Snow.h" />
    <ClInclude Include="..\Public\Explosion.h" />
    <ClInclude Include="..\Public\Player_Storage.h">
      <Filter>02.GameObject\00.Player\state</Filter>
    </ClInclude>
    <ClInclude Include="..\Public\Player_FishShop.h">
      <Filter>02.GameObject\00.Player\state</Filter>
    </ClInclude>
    <ClInclude Include="..\Public\Player_RepairShop.h">
      <Filter>02.GameObject\00.Player\state</Filter>
    </ClInclude>
    <ClInclude Include="..\Public\Fish.h">
      <Filter>02.GameObject</Filter>
    </ClInclude>
    <ClInclude Include="..\Public\Island.h">
      <Filter>02.GameObject</Filter>
    </ClInclude>
    <ClInclude Include="..\Public\Monster.h">
      <Filter>02.GameObject\01.Monster</Filter>
    </ClInclude>
    <ClInclude Include="..\Public\Mon_MonkFish.h">
      <Filter>02.GameObject\01.Monster</Filter>
    </ClInclude>
    <ClInclude Include="..\Public\Mon_R.h">
      <Filter>02.GameObject\01.Monster</Filter>
    </ClInclude>
    <ClInclude Include="..\Public\Mon_Tentacle.h">
      <Filter>02.GameObject\01.Monster</Filter>
    </ClInclude>
    <ClInclude Include="..\Public\MiniGame_Logic.h" />
    <ClInclude Include="..\Public\MiniGameController.h" />
    <ClInclude Include="..\Public\ItemInfo.h">
      <Filter>03.UI</Filter>
    </ClInclude>
    <ClInclude Include="..\Public\Mon_R_Act.h">
      <Filter>02.GameObject\01.Monster</Filter>
    </ClInclude>
    <ClInclude Include="..\Public\UI_Box.h">
      <Filter>03.UI</Filter>
    </ClInclude>
    <ClInclude Include="..\Public\Sky_Controller.h" />
  </ItemGroup>
  <ItemGroup>
    <Image Include="Client.ico">
      <Filter>98.Default</Filter>
    </Image>
    <Image Include="small.ico">
      <Filter>98.Default</Filter>
    </Image>
  </ItemGroup>
  <ItemGroup>
    <ResourceCompile Include="Client.rc">
      <Filter>98.Default</Filter>
    </ResourceCompile>
  </ItemGroup>
  <ItemGroup>
    <ClCompile Include="..\Private\MainApp.cpp">
      <Filter>00.MainApp</Filter>
    </ClCompile>
    <ClCompile Include="..\Private\Level_Logo.cpp">
      <Filter>01.Levels</Filter>
    </ClCompile>
    <ClCompile Include="..\Private\Level_GamePlay.cpp">
      <Filter>01.Levels</Filter>
    </ClCompile>
    <ClCompile Include="..\Private\Loader.cpp">
      <Filter>01.Levels\00,Loading</Filter>
    </ClCompile>
    <ClCompile Include="..\Private\Level_Loading.cpp">
      <Filter>01.Levels\00,Loading</Filter>
    </ClCompile>
    <ClCompile Include="..\Private\ItemDB.cpp">
      <Filter>97.Data</Filter>
    </ClCompile>
    <ClCompile Include="..\Private\Inventory.cpp">
      <Filter>96.Inventory</Filter>
    </ClCompile>
    <ClCompile Include="..\Private\DialogueDB.cpp">
      <Filter>97.Data</Filter>
    </ClCompile>
    <ClCompile Include="Client.cpp">
      <Filter>98.Default</Filter>
    </ClCompile>
    <ClCompile Include="..\Private\Level_Editor.cpp">
      <Filter>01.Levels</Filter>
    </ClCompile>
    <ClCompile Include="..\Private\BackGround.cpp">
      <Filter>02.GameObject</Filter>
    </ClCompile>
    <ClCompile Include="..\Private\Terrain.cpp">
      <Filter>02.GameObject</Filter>
    </ClCompile>
    <ClCompile Include="EmptyUObject.cpp">
      <Filter>02.GameObject</Filter>
    </ClCompile>
    <ClCompile Include="..\Private\Camera_Play.cpp">
      <Filter>02.GameObject</Filter>
    </ClCompile>
    <ClCompile Include="..\Private\UI_Inventory.cpp">
      <Filter>03.UI</Filter>
    </ClCompile>
    <ClCompile Include="..\Private\UI_MainMenu.cpp">
      <Filter>03.UI</Filter>
    </ClCompile>
    <ClCompile Include="..\Private\UI_MiniGame.cpp">
      <Filter>03.UI</Filter>
    </ClCompile>
    <ClCompile Include="..\Private\UI_TabContainer.cpp">
      <Filter>03.UI</Filter>
    </ClCompile>
    <ClCompile Include="..\Private\PlayerBoat.cpp">
      <Filter>02.GameObject\00.Player</Filter>
    </ClCompile>
    <ClCompile Include="..\Private\Monster_Anim.cpp">
      <Filter>02.GameObject</Filter>
    </ClCompile>
    <ClCompile Include="..\Private\EmptyGObject.cpp">
      <Filter>02.GameObject</Filter>
    </ClCompile>
    <ClCompile Include="..\Private\UI_Storage.cpp">
      <Filter>03.UI</Filter>
    </ClCompile>
    <ClCompile Include="..\Private\Body_Player.cpp">
      <Filter>02.GameObject\00.Player</Filter>
    </ClCompile>
    <ClCompile Include="..\Private\Inventory_Controller.cpp">
      <Filter>02.GameObject\99.Etc</Filter>
    </ClCompile>
    <ClCompile Include="..\Private\UI_HUD.cpp">
      <Filter>03.UI</Filter>
    </ClCompile>
    <ClCompile Include="..\Private\UI_Item.cpp">
      <Filter>03.UI</Filter>
    </ClCompile>
    <ClCompile Include="..\Private\UI_Top.cpp">
      <Filter>03.UI</Filter>
    </ClCompile>
    <ClCompile Include="..\Private\UI_Skill.cpp">
      <Filter>03.UI</Filter>
    </ClCompile>
    <ClCompile Include="CScaleModifier.cpp">
      <Filter>97.Modifier</Filter>
    </ClCompile>
    <ClCompile Include="..\Private\RotationModifier.cpp">
      <Filter>97.Modifier</Filter>
    </ClCompile>
    <ClCompile Include="..\Private\UI_NPC.cpp">
      <Filter>03.UI</Filter>
    </ClCompile>
    <ClCompile Include="..\Private\FadeModifier.cpp">
      <Filter>97.Modifier</Filter>
    </ClCompile>
    <ClCompile Include="..\Private\UI_Controller.cpp">
      <Filter>03.UI</Filter>
    </ClCompile>
    <ClCompile Include="..\Private\TransformModifier.cpp">
      <Filter>97.Modifier</Filter>
    </ClCompile>
    <ClCompile Include="..\Private\Sky.cpp">
      <Filter>02.GameObject</Filter>
    </ClCompile>
    <ClCompile Include="..\Private\Sea.cpp" />
    <ClCompile Include="..\Private\Sea_Manager.cpp" />
    <ClCompile Include="..\Private\PlayerStateMachine.cpp" />
    <ClCompile Include="..\Private\PlayerState.cpp" />
    <ClCompile Include="..\Private\UI_Village.cpp">
      <Filter>03.UI</Filter>
    </ClCompile>
    <ClCompile Include="..\Private\Player_MiniGame.cpp">
      <Filter>02.GameObject\00.Player\state</Filter>
    </ClCompile>
    <ClCompile Include="..\Private\Player_Village.cpp">
      <Filter>02.GameObject\00.Player\state</Filter>
    </ClCompile>
    <ClCompile Include="..\Private\Player_Sea.cpp">
      <Filter>02.GameObject\00.Player\state</Filter>
    </ClCompile>
    <ClCompile Include="..\Private\Village.cpp">
      <Filter>02.GameObject</Filter>
    </ClCompile>
    <ClCompile Include="..\Private\Monster_Tantacle.cpp">
      <Filter>02.GameObject</Filter>
    </ClCompile>
    <ClCompile Include="..\Private\Snow.cpp" />
    <ClCompile Include="..\Private\Explosion.cpp" />
    <ClCompile Include="..\Private\Player_FishShop.cpp">
      <Filter>02.GameObject\00.Player\state</Filter>
    </ClCompile>
    <ClCompile Include="..\Private\Player_RepairShop.cpp">
      <Filter>02.GameObject\00.Player\state</Filter>
    </ClCompile>
    <ClCompile Include="..\Private\Player_Storage.cpp">
      <Filter>02.GameObject\00.Player\state</Filter>
    </ClCompile>
    <ClCompile Include="..\Private\Fish.cpp">
      <Filter>02.GameObject</Filter>
    </ClCompile>
    <ClCompile Include="..\Private\Island.cpp">
      <Filter>02.GameObject</Filter>
    </ClCompile>
    <ClCompile Include="..\Private\Monster.cpp">
      <Filter>02.GameObject\01.Monster</Filter>
    </ClCompile>
    <ClCompile Include="..\Private\Mon_MonkFish.cpp">
      <Filter>02.GameObject\01.Monster</Filter>
    </ClCompile>
    <ClCompile Include="..\Private\Mon_R.cpp">
      <Filter>02.GameObject\01.Monster</Filter>
    </ClCompile>
    <ClCompile Include="..\Private\Mon_Tentacle.cpp">
      <Filter>02.GameObject\01.Monster</Filter>
    </ClCompile>
    <ClCompile Include="..\Private\MiniGame_Logic.cpp" />
    <ClCompile Include="..\Private\MiniGameController.cpp" />
    <ClCompile Include="..\Private\ItemInfo.cpp">
      <Filter>03.UI</Filter>
    </ClCompile>
    <ClCompile Include="..\Private\Mon_R_Act.cpp">
      <Filter>02.GameObject\01.Monster</Filter>
    </ClCompile>
    <ClCompile Include="..\Private\UI_Box.cpp">
      <Filter>03.UI</Filter>
    </ClCompile>
    <ClCompile Include="..\Private\Sky_Controller.cpp" />
  </ItemGroup>
  <ItemGroup>
    <None Include="Item_Equipment.json">
      <Filter>97.Data\00.JSON</Filter>
    </None>
    <None Include="Item_Fish.json">
      <Filter>97.Data\00.JSON</Filter>
    </None>
    <None Include="Item_Material.json">
      <Filter>97.Data\00.JSON</Filter>
    </None>
    <None Include="Itme_Pursuit.json">
      <Filter>97.Data\00.JSON</Filter>
    </None>
    <None Include="Itme_Trinket.json">
      <Filter>97.Data\00.JSON</Filter>
    </None>
    <None Include="Dialogue.json">
      <Filter>97.Data\00.JSON</Filter>
    </None>
  </ItemGroup>
  <ItemGroup>
    <FxCompile Include="..\Bin\ShaderFiles\Shader_VtxTex.hlsl" />
    <FxCompile Include="..\Bin\ShaderFiles\Shader_VtxNorTex.hlsl" />
    <FxCompile Include="..\Bin\ShaderFiles\Shader_VtxMesh.hlsl" />
    <FxCompile Include="..\Bin\ShaderFiles\Shader_VtxAnimMesh.hlsl" />
    <FxCompile Include="..\Bin\ShaderFiles\Shader_VtxCube.hlsl" />
    <FxCompile Include="..\Bin\ShaderFiles\Shader_Sea.hlsl" />
    <FxCompile Include="..\Bin\ShaderFiles\Shader_VtxMeshCustomTexture.hlsl" />
    <FxCompile Include="..\Bin\ShaderFiles\Shader_VtxDonut.hlsl" />
    <FxCompile Include="..\Bin\ShaderFiles\Shader_VtxParticleRect.hlsl" />
    <FxCompile Include="..\Bin\ShaderFiles\Shader_VtxParticlePoint.hlsl" />
    <FxCompile Include="..\Bin\ShaderFiles\Shader_Deferred.hlsl" />
  </ItemGroup>
</Project>